// !$*UTF8*$!
{
	archiveVersion = 1;
	classes = {
	};
	objectVersion = 46;
	objects = {

/* Begin PBXBuildFile section */
		CAA540131B92D13200215EFD /* main.m in Sources */ = {isa = PBXBuildFile; fileRef = CAA540121B92D13200215EFD /* main.m */; };
		CAA540161B92D13200215EFD /* AppDelegate.m in Sources */ = {isa = PBXBuildFile; fileRef = CAA540151B92D13200215EFD /* AppDelegate.m */; };
		CAA540191B92D13200215EFD /* ViewController.m in Sources */ = {isa = PBXBuildFile; fileRef = CAA540181B92D13200215EFD /* ViewController.m */; };
		CAA5401C1B92D13200215EFD /* Main.storyboard in Resources */ = {isa = PBXBuildFile; fileRef = CAA5401A1B92D13200215EFD /* Main.storyboard */; };
		CAA5401E1B92D13200215EFD /* Images.xcassets in Resources */ = {isa = PBXBuildFile; fileRef = CAA5401D1B92D13200215EFD /* Images.xcassets */; };
		CAA540211B92D13200215EFD /* LaunchScreen.xib in Resources */ = {isa = PBXBuildFile; fileRef = CAA5401F1B92D13200215EFD /* LaunchScreen.xib */; };
		CAA5402D1B92D13200215EFD /* DeomTests.m in Sources */ = {isa = PBXBuildFile; fileRef = CAA5402C1B92D13200215EFD /* DeomTests.m */; };
		CAA540381B92D16700215EFD /* UIScrollView+EmptyDataSet.m in Sources */ = {isa = PBXBuildFile; fileRef = CAA540371B92D16700215EFD /* UIScrollView+EmptyDataSet.m */; };
/* End PBXBuildFile section */

/* Begin PBXContainerItemProxy section */
		CAA540271B92D13200215EFD /* PBXContainerItemProxy */ = {
			isa = PBXContainerItemProxy;
			containerPortal = CAA540051B92D13200215EFD /* Project object */;
			proxyType = 1;
			remoteGlobalIDString = CAA5400C1B92D13200215EFD;
			remoteInfo = Deom;
		};
/* End PBXContainerItemProxy section */

/* Begin PBXFileReference section */
		CAA5400D1B92D13200215EFD /* Deom.app */ = {isa = PBXFileReference; explicitFileType = wrapper.application; includeInIndex = 0; path = Deom.app; sourceTree = BUILT_PRODUCTS_DIR; };
		CAA540111B92D13200215EFD /* Info.plist */ = {isa = PBXFileReference; lastKnownFileType = text.plist.xml; path = Info.plist; sourceTree = "<group>"; };
		CAA540121B92D13200215EFD /* main.m */ = {isa = PBXFileReference; lastKnownFileType = sourcecode.c.objc; path = main.m; sourceTree = "<group>"; };
		CAA540141B92D13200215EFD /* AppDelegate.h */ = {isa = PBXFileReference; lastKnownFileType = sourcecode.c.h; path = AppDelegate.h; sourceTree = "<group>"; };
		CAA540151B92D13200215EFD /* AppDelegate.m */ = {isa = PBXFileReference; lastKnownFileType = sourcecode.c.objc; path = AppDelegate.m; sourceTree = "<group>"; };
		CAA540171B92D13200215EFD /* ViewController.h */ = {isa = PBXFileReference; lastKnownFileType = sourcecode.c.h; path = ViewController.h; sourceTree = "<group>"; };
		CAA540181B92D13200215EFD /* ViewController.m */ = {isa = PBXFileReference; lastKnownFileType = sourcecode.c.objc; path = ViewController.m; sourceTree = "<group>"; };
		CAA5401B1B92D13200215EFD /* Base */ = {isa = PBXFileReference; lastKnownFileType = file.storyboard; name = Base; path = Base.lproj/Main.storyboard; sourceTree = "<group>"; };
		CAA5401D1B92D13200215EFD /* Images.xcassets */ = {isa = PBXFileReference; lastKnownFileType = folder.assetcatalog; path = Images.xcassets; sourceTree = "<group>"; };
		CAA540201B92D13200215EFD /* Base */ = {isa = PBXFileReference; lastKnownFileType = file.xib; name = Base; path = Base.lproj/LaunchScreen.xib; sourceTree = "<group>"; };
		CAA540261B92D13200215EFD /* DeomTests.xctest */ = {isa = PBXFileReference; explicitFileType = wrapper.cfbundle; includeInIndex = 0; path = DeomTests.xctest; sourceTree = BUILT_PRODUCTS_DIR; };
		CAA5402B1B92D13200215EFD /* Info.plist */ = {isa = PBXFileReference; lastKnownFileType = text.plist.xml; path = Info.plist; sourceTree = "<group>"; };
		CAA5402C1B92D13200215EFD /* DeomTests.m */ = {isa = PBXFileReference; lastKnownFileType = sourcecode.c.objc; path = DeomTests.m; sourceTree = "<group>"; };
		CAA540361B92D16700215EFD /* UIScrollView+EmptyDataSet.h */ = {isa = PBXFileReference; fileEncoding = 4; lastKnownFileType = sourcecode.c.h; path = "UIScrollView+EmptyDataSet.h"; sourceTree = "<group>"; };
		CAA540371B92D16700215EFD /* UIScrollView+EmptyDataSet.m */ = {isa = PBXFileReference; fileEncoding = 4; lastKnownFileType = sourcecode.c.objc; path = "UIScrollView+EmptyDataSet.m"; sourceTree = "<group>"; };
/* End PBXFileReference section */

/* Begin PBXFrameworksBuildPhase section */
		CAA5400A1B92D13200215EFD /* Frameworks */ = {
			isa = PBXFrameworksBuildPhase;
			buildActionMask = 2147483647;
			files = (
			);
			runOnlyForDeploymentPostprocessing = 0;
		};
		CAA540231B92D13200215EFD /* Frameworks */ = {
			isa = PBXFrameworksBuildPhase;
			buildActionMask = 2147483647;
			files = (
			);
			runOnlyForDeploymentPostprocessing = 0;
		};
/* End PBXFrameworksBuildPhase section */

/* Begin PBXGroup section */
		CAA540041B92D13200215EFD = {
			isa = PBXGroup;
			children = (
				CAA5400F1B92D13200215EFD /* Deom */,
				CAA540291B92D13200215EFD /* DeomTests */,
				CAA5400E1B92D13200215EFD /* Products */,
			);
			sourceTree = "<group>";
		};
		CAA5400E1B92D13200215EFD /* Products */ = {
			isa = PBXGroup;
			children = (
				CAA5400D1B92D13200215EFD /* Deom.app */,
				CAA540261B92D13200215EFD /* DeomTests.xctest */,
			);
			name = Products;
			sourceTree = "<group>";
		};
		CAA5400F1B92D13200215EFD /* Deom */ = {
			isa = PBXGroup;
			children = (
				CAA540361B92D16700215EFD /* UIScrollView+EmptyDataSet.h */,
				CAA540371B92D16700215EFD /* UIScrollView+EmptyDataSet.m */,
				CAA540141B92D13200215EFD /* AppDelegate.h */,
				CAA540151B92D13200215EFD /* AppDelegate.m */,
				CAA540171B92D13200215EFD /* ViewController.h */,
				CAA540181B92D13200215EFD /* ViewController.m */,
				CAA5401A1B92D13200215EFD /* Main.storyboard */,
				CAA5401D1B92D13200215EFD /* Images.xcassets */,
				CAA5401F1B92D13200215EFD /* LaunchScreen.xib */,
				CAA540101B92D13200215EFD /* Supporting Files */,
			);
			path = Deom;
			sourceTree = "<group>";
		};
		CAA540101B92D13200215EFD /* Supporting Files */ = {
			isa = PBXGroup;
			children = (
				CAA540111B92D13200215EFD /* Info.plist */,
				CAA540121B92D13200215EFD /* main.m */,
			);
			name = "Supporting Files";
			sourceTree = "<group>";
		};
		CAA540291B92D13200215EFD /* DeomTests */ = {
			isa = PBXGroup;
			children = (
				CAA5402C1B92D13200215EFD /* DeomTests.m */,
				CAA5402A1B92D13200215EFD /* Supporting Files */,
			);
			path = DeomTests;
			sourceTree = "<group>";
		};
		CAA5402A1B92D13200215EFD /* Supporting Files */ = {
			isa = PBXGroup;
			children = (
				CAA5402B1B92D13200215EFD /* Info.plist */,
			);
			name = "Supporting Files";
			sourceTree = "<group>";
		};
/* End PBXGroup section */

/* Begin PBXNativeTarget section */
		CAA5400C1B92D13200215EFD /* Deom */ = {
			isa = PBXNativeTarget;
			buildConfigurationList = CAA540301B92D13200215EFD /* Build configuration list for PBXNativeTarget "Deom" */;
			buildPhases = (
				CAA540091B92D13200215EFD /* Sources */,
				CAA5400A1B92D13200215EFD /* Frameworks */,
				CAA5400B1B92D13200215EFD /* Resources */,
			);
			buildRules = (
			);
			dependencies = (
			);
			name = Deom;
			productName = Deom;
			productReference = CAA5400D1B92D13200215EFD /* Deom.app */;
			productType = "com.apple.product-type.application";
		};
		CAA540251B92D13200215EFD /* DeomTests */ = {
			isa = PBXNativeTarget;
			buildConfigurationList = CAA540331B92D13200215EFD /* Build configuration list for PBXNativeTarget "DeomTests" */;
			buildPhases = (
				CAA540221B92D13200215EFD /* Sources */,
				CAA540231B92D13200215EFD /* Frameworks */,
				CAA540241B92D13200215EFD /* Resources */,
			);
			buildRules = (
			);
			dependencies = (
				CAA540281B92D13200215EFD /* PBXTargetDependency */,
			);
			name = DeomTests;
			productName = DeomTests;
			productReference = CAA540261B92D13200215EFD /* DeomTests.xctest */;
			productType = "com.apple.product-type.bundle.unit-test";
		};
/* End PBXNativeTarget section */

/* Begin PBXProject section */
		CAA540051B92D13200215EFD /* Project object */ = {
			isa = PBXProject;
			attributes = {
				LastUpgradeCheck = 0640;
				ORGANIZATIONNAME = "梦醒";
				TargetAttributes = {
					CAA5400C1B92D13200215EFD = {
						CreatedOnToolsVersion = 6.4;
					};
					CAA540251B92D13200215EFD = {
						CreatedOnToolsVersion = 6.4;
						TestTargetID = CAA5400C1B92D13200215EFD;
					};
				};
			};
			buildConfigurationList = CAA540081B92D13200215EFD /* Build configuration list for PBXProject "Deom" */;
			compatibilityVersion = "Xcode 3.2";
			developmentRegion = English;
			hasScannedForEncodings = 0;
			knownRegions = (
				en,
				Base,
			);
			mainGroup = CAA540041B92D13200215EFD;
			productRefGroup = CAA5400E1B92D13200215EFD /* Products */;
			projectDirPath = "";
			projectRoot = "";
			targets = (
				CAA5400C1B92D13200215EFD /* Deom */,
				CAA540251B92D13200215EFD /* DeomTests */,
			);
		};
/* End PBXProject section */

/* Begin PBXResourcesBuildPhase section */
		CAA5400B1B92D13200215EFD /* Resources */ = {
			isa = PBXResourcesBuildPhase;
			buildActionMask = 2147483647;
			files = (
				CAA5401C1B92D13200215EFD /* Main.storyboard in Resources */,
				CAA540211B92D13200215EFD /* LaunchScreen.xib in Resources */,
				CAA5401E1B92D13200215EFD /* Images.xcassets in Resources */,
			);
			runOnlyForDeploymentPostprocessing = 0;
		};
		CAA540241B92D13200215EFD /* Resources */ = {
			isa = PBXResourcesBuildPhase;
			buildActionMask = 2147483647;
			files = (
			);
			runOnlyForDeploymentPostprocessing = 0;
		};
/* End PBXResourcesBuildPhase section */

/* Begin PBXSourcesBuildPhase section */
		CAA540091B92D13200215EFD /* Sources */ = {
			isa = PBXSourcesBuildPhase;
			buildActionMask = 2147483647;
			files = (
				CAA540191B92D13200215EFD /* ViewController.m in Sources */,
				CAA540161B92D13200215EFD /* AppDelegate.m in Sources */,
				CAA540381B92D16700215EFD /* UIScrollView+EmptyDataSet.m in Sources */,
				CAA540131B92D13200215EFD /* main.m in Sources */,
			);
			runOnlyForDeploymentPostprocessing = 0;
		};
		CAA540221B92D13200215EFD /* Sources */ = {
			isa = PBXSourcesBuildPhase;
			buildActionMask = 2147483647;
			files = (
				CAA5402D1B92D13200215EFD /* DeomTests.m in Sources */,
			);
			runOnlyForDeploymentPostprocessing = 0;
		};
/* End PBXSourcesBuildPhase section */

/* Begin PBXTargetDependency section */
		CAA540281B92D13200215EFD /* PBXTargetDependency */ = {
			isa = PBXTargetDependency;
			target = CAA5400C1B92D13200215EFD /* Deom */;
			targetProxy = CAA540271B92D13200215EFD /* PBXContainerItemProxy */;
		};
/* End PBXTargetDependency section */

/* Begin PBXVariantGroup section */
		CAA5401A1B92D13200215EFD /* Main.storyboard */ = {
			isa = PBXVariantGroup;
			children = (
				CAA5401B1B92D13200215EFD /* Base */,
			);
			name = Main.storyboard;
			sourceTree = "<group>";
		};
		CAA5401F1B92D13200215EFD /* LaunchScreen.xib */ = {
			isa = PBXVariantGroup;
			children = (
				CAA540201B92D13200215EFD /* Base */,
			);
			name = LaunchScreen.xib;
			sourceTree = "<group>";
		};
/* End PBXVariantGroup section */

/* Begin XCBuildConfiguration section */
		CAA5402E1B92D13200215EFD /* Debug */ = {
			isa = XCBuildConfiguration;
			buildSettings = {
				ALWAYS_SEARCH_USER_PATHS = NO;
				CLANG_CXX_LANGUAGE_STANDARD = "gnu++0x";
				CLANG_CXX_LIBRARY = "libc++";
				CLANG_ENABLE_MODULES = YES;
				CLANG_ENABLE_OBJC_ARC = YES;
				CLANG_WARN_BOOL_CONVERSION = YES;
				CLANG_WARN_CONSTANT_CONVERSION = YES;
				CLANG_WARN_DIRECT_OBJC_ISA_USAGE = YES_ERROR;
				CLANG_WARN_EMPTY_BODY = YES;
				CLANG_WARN_ENUM_CONVERSION = YES;
				CLANG_WARN_INT_CONVERSION = YES;
				CLANG_WARN_OBJC_ROOT_CLASS = YES_ERROR;
				CLANG_WARN_UNREACHABLE_CODE = YES;
				CLANG_WARN__DUPLICATE_METHOD_MATCH = YES;
				"CODE_SIGN_IDENTITY[sdk=iphoneos*]" = "iPhone Developer";
				COPY_PHASE_STRIP = NO;
				DEBUG_INFORMATION_FORMAT = "dwarf-with-dsym";
				ENABLE_STRICT_OBJC_MSGSEND = YES;
				GCC_C_LANGUAGE_STANDARD = gnu99;
				GCC_DYNAMIC_NO_PIC = NO;
				GCC_NO_COMMON_BLOCKS = YES;
				GCC_OPTIMIZATION_LEVEL = 0;
				GCC_PREPROCESSOR_DEFINITIONS = (
					"DEBUG=1",
					"$(inherited)",
				);
				GCC_SYMBOLS_PRIVATE_EXTERN = NO;
				GCC_WARN_64_TO_32_BIT_CONVERSION = YES;
				GCC_WARN_ABOUT_RETURN_TYPE = YES_ERROR;
				GCC_WARN_UNDECLARED_SELECTOR = YES;
				GCC_WARN_UNINITIALIZED_AUTOS = YES_AGGRESSIVE;
				GCC_WARN_UNUSED_FUNCTION = YES;
				GCC_WARN_UNUSED_VARIABLE = YES;
				IPHONEOS_DEPLOYMENT_TARGET = 8.4;
				MTL_ENABLE_DEBUG_INFO = YES;
				ONLY_ACTIVE_ARCH = YES;
				SDKROOT = iphoneos;
			};
			name = Debug;
		};
		CAA5402F1B92D13200215EFD /* Release */ = {
			isa = XCBuildConfiguration;
			buildSettings = {
				ALWAYS_SEARCH_USER_PATHS = NO;
				CLANG_CXX_LANGUAGE_STANDARD = "gnu++0x";
				CLANG_CXX_LIBRARY = "libc++";
				CLANG_ENABLE_MODULES = YES;
				CLANG_ENABLE_OBJC_ARC = YES;
				CLANG_WARN_BOOL_CONVERSION = YES;
				CLANG_WARN_CONSTANT_CONVERSION = YES;
				CLANG_WARN_DIRECT_OBJC_ISA_USAGE = YES_ERROR;
				CLANG_WARN_EMPTY_BODY = YES;
				CLANG_WARN_ENUM_CONVERSION = YES;
				CLANG_WARN_INT_CONVERSION = YES;
				CLANG_WARN_OBJC_ROOT_CLASS = YES_ERROR;
				CLANG_WARN_UNREACHABLE_CODE = YES;
				CLANG_WARN__DUPLICATE_METHOD_MATCH = YES;
				"CODE_SIGN_IDENTITY[sdk=iphoneos*]" = "iPhone Developer";
				COPY_PHASE_STRIP = NO;
				DEBUG_INFORMATION_FORMAT = "dwarf-with-dsym";
				ENABLE_NS_ASSERTIONS = NO;
				ENABLE_STRICT_OBJC_MSGSEND = YES;
				GCC_C_LANGUAGE_STANDARD = gnu99;
				GCC_NO_COMMON_BLOCKS = YES;
				GCC_WARN_64_TO_32_BIT_CONVERSION = YES;
				GCC_WARN_ABOUT_RETURN_TYPE = YES_ERROR;
				GCC_WARN_UNDECLARED_SELECTOR = YES;
				GCC_WARN_UNINITIALIZED_AUTOS = YES_AGGRESSIVE;
				GCC_WARN_UNUSED_FUNCTION = YES;
				GCC_WARN_UNUSED_VARIABLE = YES;
				IPHONEOS_DEPLOYMENT_TARGET = 8.4;
				MTL_ENABLE_DEBUG_INFO = NO;
				SDKROOT = iphoneos;
				VALIDATE_PRODUCT = YES;
			};
			name = Release;
		};
		CAA540311B92D13200215EFD /* Debug */ = {
			isa = XCBuildConfiguration;
			buildSettings = {
				ASSETCATALOG_COMPILER_APPICON_NAME = AppIcon;
				INFOPLIST_FILE = Deom/Info.plist;
				LD_RUNPATH_SEARCH_PATHS = "$(inherited) @executable_path/Frameworks";
				PRODUCT_NAME = "$(TARGET_NAME)";
			};
			name = Debug;
		};
		CAA540321B92D13200215EFD /* Release */ = {
			isa = XCBuildConfiguration;
			buildSettings = {
				ASSETCATALOG_COMPILER_APPICON_NAME = AppIcon;
				INFOPLIST_FILE = Deom/Info.plist;
				LD_RUNPATH_SEARCH_PATHS = "$(inherited) @executable_path/Frameworks";
				PRODUCT_NAME = "$(TARGET_NAME)";
			};
			name = Release;
		};
		CAA540341B92D13200215EFD /* Debug */ = {
			isa = XCBuildConfiguration;
			buildSettings = {
				BUNDLE_LOADER = "$(TEST_HOST)";
				FRAMEWORK_SEARCH_PATHS = (
					"$(SDKROOT)/Developer/Library/Frameworks",
					"$(inherited)",
				);
				GCC_PREPROCESSOR_DEFINITIONS = (
					"DEBUG=1",
					"$(inherited)",
				);
				INFOPLIST_FILE = DeomTests/Info.plist;
				LD_RUNPATH_SEARCH_PATHS = "$(inherited) @executable_path/Frameworks @loader_path/Frameworks";
				PRODUCT_NAME = "$(TARGET_NAME)";
				TEST_HOST = "$(BUILT_PRODUCTS_DIR)/Deom.app/Deom";
			};
			name = Debug;
		};
		CAA540351B92D13200215EFD /* Release */ = {
			isa = XCBuildConfiguration;
			buildSettings = {
				BUNDLE_LOADER = "$(TEST_HOST)";
				FRAMEWORK_SEARCH_PATHS = (
					"$(SDKROOT)/Developer/Library/Frameworks",
					"$(inherited)",
				);
				INFOPLIST_FILE = DeomTests/Info.plist;
				LD_RUNPATH_SEARCH_PATHS = "$(inherited) @executable_path/Frameworks @loader_path/Frameworks";
				PRODUCT_NAME = "$(TARGET_NAME)";
				TEST_HOST = "$(BUILT_PRODUCTS_DIR)/Deom.app/Deom";
			};
			name = Release;
		};
/* End XCBuildConfiguration section */

/* Begin XCConfigurationList section */
		CAA540081B92D13200215EFD /* Build configuration list for PBXProject "Deom" */ = {
			isa = XCConfigurationList;
			buildConfigurations = (
				CAA5402E1B92D13200215EFD /* Debug */,
				CAA5402F1B92D13200215EFD /* Release */,
			);
			defaultConfigurationIsVisible = 0;
			defaultConfigurationName = Release;
		};
		CAA540301B92D13200215EFD /* Build configuration list for PBXNativeTarget "Deom" */ = {
			isa = XCConfigurationList;
			buildConfigurations = (
				CAA540311B92D13200215EFD /* Debug */,
				CAA540321B92D13200215EFD /* Release */,
			);
			defaultConfigurationIsVisible = 0;
		};
		CAA540331B92D13200215EFD /* Build configuration list for PBXNativeTarget "DeomTests" */ = {
			isa = XCConfigurationList;
			buildConfigurations = (
				CAA540341B92D13200215EFD /* Debug */,
				CAA540351B92D13200215EFD /* Release */,
			);
			defaultConfigurationIsVisible = 0;
		};
/* End XCConfigurationList section */
	};
	rootObject = CAA540051B92D13200215EFD /* Project object */;
}
